<?xml version="1.0" encoding="utf-8"?>
<Project ToolsVersion="4.0" xmlns="http://schemas.microsoft.com/developer/msbuild/2003">
  <ItemGroup>
    <Filter Include="Исходные файлы">
      <UniqueIdentifier>{4FC737F1-C7A5-4376-A066-2A32D752A2FF}</UniqueIdentifier>
      <Extensions>cpp;c;cc;cxx;c++;cppm;ixx;def;odl;idl;hpj;bat;asm;asmx</Extensions>
    </Filter>
    <Filter Include="Файлы заголовков">
      <UniqueIdentifier>{93995380-89BD-4b04-88EB-625FBE52EBFB}</UniqueIdentifier>
      <Extensions>h;hh;hpp;hxx;h++;hm;inl;inc;ipp;xsd</Extensions>
    </Filter>
    <Filter Include="Файлы ресурсов">
      <UniqueIdentifier>{67DA6AB6-F800-4c08-8B7A-83BB121AAD01}</UniqueIdentifier>
      <Extensions>rc;ico;cur;bmp;dlg;rc2;rct;bin;rgs;gif;jpg;jpeg;jpe;resx;tiff;tif;png;wav;mfcribbon-ms</Extensions>
    </Filter>
  </ItemGroup>
  <ItemGroup>
    <ClCompile Include="AuthorizationForm.cpp">
      <Filter>Исходные файлы</Filter>
    </ClCompile>
    <ClCompile Include="HomeLibrary.cpp">
      <Filter>Исходные файлы</Filter>
    </ClCompile>
    <ClCompile Include="User.cpp">
      <Filter>Исходные файлы</Filter>
    </ClCompile>
    <ClCompile Include="Restriction.cpp">
      <Filter>Исходные файлы</Filter>
    </ClCompile>
    <ClCompile Include="Media.cpp">
      <Filter>Исходные файлы</Filter>
    </ClCompile>
    <ClCompile Include="FamilyManagement.cpp">
      <Filter>Исходные файлы</Filter>
    </ClCompile>
    <ClCompile Include="UserManagerForm.cpp">
      <Filter>Исходные файлы</Filter>
    </ClCompile>
    <ClCompile Include="CreateUserForm.cpp">
      <Filter>Исходные файлы</Filter>
    </ClCompile>
    <ClCompile Include="DeleteUserForm.cpp">
      <Filter>Исходные файлы</Filter>
    </ClCompile>
    <ClCompile Include="AddUserForm.cpp">
      <Filter>Исходные файлы</Filter>
    </ClCompile>
    <ClCompile Include="Users.cpp">
      <Filter>Исходные файлы</Filter>
    </ClCompile>
    <ClCompile Include="Rating.cpp">
      <Filter>Исходные файлы</Filter>
    </ClCompile>
    <ClCompile Include="Comment.cpp">
      <Filter>Исходные файлы</Filter>
    </ClCompile>
    <ClCompile Include="AllMedia.cpp">
      <Filter>Исходные файлы</Filter>
    </ClCompile>
    <ClCompile Include="Music.cpp">
      <Filter>Исходные файлы</Filter>
    </ClCompile>
    <ClCompile Include="Photo.cpp">
      <Filter>Исходные файлы</Filter>
    </ClCompile>
    <ClCompile Include="Film.cpp">
      <Filter>Исходные файлы</Filter>
    </ClCompile>
    <ClCompile Include="MediaCatalog.cpp">
      <Filter>Исходные файлы</Filter>
    </ClCompile>
    <ClCompile Include="Catalogs.cpp">
      <Filter>Исходные файлы</Filter>
    </ClCompile>
    <ClCompile Include="LibraryManagement.cpp">
      <Filter>Исходные файлы</Filter>
    </ClCompile>
    <ClCompile Include="LibraryInjector.cpp">
      <Filter>Исходные файлы</Filter>
    </ClCompile>
    <ClCompile Include="AuthorizationController.cpp">
      <Filter>Исходные файлы</Filter>
    </ClCompile>
    <ClCompile Include="Input.cpp">
      <Filter>Исходные файлы</Filter>
    </ClCompile>
    <ClCompile Include="MediaLoader.cpp">
      <Filter>Исходные файлы</Filter>
    </ClCompile>
    <ClCompile Include="MainMenuForm.cpp">
      <Filter>Исходные файлы</Filter>
    </ClCompile>
    <ClCompile Include="CatalogsControlForm.cpp">
      <Filter>Исходные файлы</Filter>
    </ClCompile>
    <ClCompile Include="MainUserForm.cpp">
      <Filter>Исходные файлы</Filter>
    </ClCompile>
  </ItemGroup>
  <ItemGroup>
    <ClInclude Include="AuthorizationForm.h">
      <Filter>Исходные файлы</Filter>
    </ClInclude>
    <ClInclude Include="User.h">
      <Filter>Файлы заголовков</Filter>
    </ClInclude>
    <ClInclude Include="Restriction.h">
      <Filter>Файлы заголовков</Filter>
    </ClInclude>
    <ClInclude Include="Media.h">
      <Filter>Файлы заголовков</Filter>
    </ClInclude>
    <ClInclude Include="Role.h">
      <Filter>Исходные файлы</Filter>
    </ClInclude>
    <ClInclude Include="FamilyManagement.h">
      <Filter>Файлы заголовков</Filter>
    </ClInclude>
    <ClInclude Include="UserManagerForm.h">
      <Filter>Исходные файлы</Filter>
    </ClInclude>
    <ClInclude Include="CreateUserForm.h">
      <Filter>Исходные файлы</Filter>
    </ClInclude>
    <ClInclude Include="DeleteUserForm.h">
      <Filter>Исходные файлы</Filter>
    </ClInclude>
    <ClInclude Include="AddUserForm.h">
      <Filter>Исходные файлы</Filter>
    </ClInclude>
    <ClInclude Include="Users.h">
      <Filter>Файлы заголовков</Filter>
    </ClInclude>
    <ClInclude Include="Rating.h">
      <Filter>Файлы заголовков</Filter>
    </ClInclude>
    <ClInclude Include="Comment.h">
      <Filter>Файлы заголовков</Filter>
    </ClInclude>
    <ClInclude Include="AllMedia.h">
      <Filter>Файлы заголовков</Filter>
    </ClInclude>
    <ClInclude Include="Music.h">
      <Filter>Файлы заголовков</Filter>
    </ClInclude>
    <ClInclude Include="Photo.h">
      <Filter>Файлы заголовков</Filter>
    </ClInclude>
    <ClInclude Include="Film.h">
      <Filter>Файлы заголовков</Filter>
    </ClInclude>
    <ClInclude Include="MediaCatalog.h">
      <Filter>Файлы заголовков</Filter>
    </ClInclude>
    <ClInclude Include="Catalogs.h">
      <Filter>Файлы заголовков</Filter>
    </ClInclude>
    <ClInclude Include="LibraryManagement.h">
      <Filter>Файлы заголовков</Filter>
    </ClInclude>
    <ClInclude Include="LibraryInjector.h">
      <Filter>Файлы заголовков</Filter>
    </ClInclude>
    <ClInclude Include="AuthorizationController.h">
      <Filter>Файлы заголовков</Filter>
    </ClInclude>
    <ClInclude Include="Input.h">
      <Filter>Исходные файлы</Filter>
    </ClInclude>
    <ClInclude Include="AuthorizationInterface.h">
      <Filter>Исходные файлы</Filter>
    </ClInclude>
    <ClInclude Include="IUserManager.h">
      <Filter>Исходные файлы</Filter>
    </ClInclude>
    <ClInclude Include="IMediaLoader.h">
      <Filter>Исходные файлы</Filter>
    </ClInclude>
    <ClInclude Include="MediaLoader.h">
      <Filter>Файлы заголовков</Filter>
    </ClInclude>
    <ClInclude Include="MainMenuForm.h">
      <Filter>Исходные файлы</Filter>
    </ClInclude>
    <ClInclude Include="CatalogsControlForm.h">
      <Filter>Исходные файлы</Filter>
    </ClInclude>
    <ClInclude Include="ICatalogsController.h">
      <Filter>Исходные файлы</Filter>
    </ClInclude>
    <ClInclude Include="ICataloCont.h">
      <Filter>Исходные файлы</Filter>
    </ClInclude>
    <ClInclude Include="IMediaController.h">
      <Filter>Исходные файлы</Filter>
    </ClInclude>
    <ClInclude Include="MediaControler.h">
      <Filter>Файлы заголовков</Filter>
    </ClInclude>
    <ClInclude Include="CatalogManager.h">
      <Filter>Файлы заголовков</Filter>
    </ClInclude>
    <ClInclude Include="CatalogsControler.h">
      <Filter>Файлы заголовков</Filter>
    </ClInclude>
    <ClInclude Include="MainUserForm.h">
      <Filter>Исходные файлы</Filter>
    </ClInclude>
  </ItemGroup>
  <ItemGroup>
    <None Include="ClassDiagram.cd" />
  </ItemGroup>
</Project>